
Microsoft Visual Studio Solution File, Format Version 12.00
Project("{FAE04EC0-301F-11D3-BF4B-00C04F79EFBC}") = "Workflows", "Workflows\Workflows.csproj", "{55497F82-16B1-451C-8034-0854831A4E9A}"
EndProject
Project("{FAE04EC0-301F-11D3-BF4B-00C04F79EFBC}") = "RoVignette", "RoVignette\RoVignette.csproj", "{7D2FB91A-1034-4DE3-B88D-540E68132B51}"
EndProject
Project("{FAE04EC0-301F-11D3-BF4B-00C04F79EFBC}") = "TechnicalInspection", "TechnicalInspection\TechnicalInspection.csproj", "{C2290D61-5E13-4647-8953-74359E50E29F}"
EndProject
Project("{FAE04EC0-301F-11D3-BF4B-00C04F79EFBC}") = "Insurance", "Insurance\Insurance.csproj", "{40832DA3-419D-44A9-9E29-35D42E736AA1}"
EndProject
Global
	GlobalSection(SolutionConfigurationPlatforms) = preSolution
		Debug|Any CPU = Debug|Any CPU
		Release|Any CPU = Release|Any CPU
	EndGlobalSection
	GlobalSection(ProjectConfigurationPlatforms) = postSolution
		{55497F82-16B1-451C-8034-0854831A4E9A}.Debug|Any CPU.ActiveCfg = Debug|Any CPU
		{55497F82-16B1-451C-8034-0854831A4E9A}.Debug|Any CPU.Build.0 = Debug|Any CPU
		{55497F82-16B1-451C-8034-0854831A4E9A}.Release|Any CPU.ActiveCfg = Release|Any CPU
		{55497F82-16B1-451C-8034-0854831A4E9A}.Release|Any CPU.Build.0 = Release|Any CPU
		{7D2FB91A-1034-4DE3-B88D-540E68132B51}.Debug|Any CPU.ActiveCfg = Debug|Any CPU
		{7D2FB91A-1034-4DE3-B88D-540E68132B51}.Debug|Any CPU.Build.0 = Debug|Any CPU
		{7D2FB91A-1034-4DE3-B88D-540E68132B51}.Release|Any CPU.ActiveCfg = Release|Any CPU
		{7D2FB91A-1034-4DE3-B88D-540E68132B51}.Release|Any CPU.Build.0 = Release|Any CPU
		{C2290D61-5E13-4647-8953-74359E50E29F}.Debug|Any CPU.ActiveCfg = Debug|Any CPU
		{C2290D61-5E13-4647-8953-74359E50E29F}.Debug|Any CPU.Build.0 = Debug|Any CPU
		{C2290D61-5E13-4647-8953-74359E50E29F}.Release|Any CPU.ActiveCfg = Release|Any CPU
		{C2290D61-5E13-4647-8953-74359E50E29F}.Release|Any CPU.Build.0 = Release|Any CPU
		{40832DA3-419D-44A9-9E29-35D42E736AA1}.Debug|Any CPU.ActiveCfg = Debug|Any CPU
		{40832DA3-419D-44A9-9E29-35D42E736AA1}.Debug|Any CPU.Build.0 = Debug|Any CPU
		{40832DA3-419D-44A9-9E29-35D42E736AA1}.Release|Any CPU.ActiveCfg = Release|Any CPU
		{40832DA3-419D-44A9-9E29-35D42E736AA1}.Release|Any CPU.Build.0 = Release|Any CPU
	EndGlobalSection
EndGlobal
